
Microsoft Visual Studio Solution File, Format Version 12.00
# Visual Studio Version 16
VisualStudioVersion = 16.0.28729.10
MinimumVisualStudioVersion = 10.0.40219.1
Project("{8BC9CEB8-8B4A-11D0-8D11-00A0C91BC942}") = "cpp", "cpp\cpp.vcxproj", "{A37A97D3-6DC3-4E04-AB57-0F967893E1E3}"
EndProject
Project("{FAE04EC0-301F-11D3-BF4B-00C04F79EFBC}") = "cs", "cs\cs.csproj", "{D75AB5EA-4388-4C1E-8C04-A4A5656F8692}"
EndProject
Project("{8BC9CEB8-8B4A-11D0-8D11-00A0C91BC942}") = "dll1", "dll1\dll1.vcxproj", "{8B8C8547-4F7B-4AEB-89F6-78CC1E46DB82}"
EndProject
Project("{8BC9CEB8-8B4A-11D0-8D11-00A0C91BC942}") = "dll2", "dll2\dll2.vcxproj", "{44EF7D8F-0017-4C06-B66B-A7976388CA20}"
EndProject
Project("{8BC9CEB8-8B4A-11D0-8D11-00A0C91BC942}") = "dll3", "dll3\dll3.vcxproj", "{7AC75F66-20FB-44CE-BE2A-637EE59A5CD9}"
EndProject
Global
	GlobalSection(SolutionConfigurationPlatforms) = preSolution
		Debug|Any CPU = Debug|Any CPU
		Debug|x64 = Debug|x64
		Debug|x86 = Debug|x86
		Release|Any CPU = Release|Any CPU
		Release|x64 = Release|x64
		Release|x86 = Release|x86
	EndGlobalSection
	GlobalSection(ProjectConfigurationPlatforms) = postSolution
		{A37A97D3-6DC3-4E04-AB57-0F967893E1E3}.Debug|Any CPU.ActiveCfg = Debug|Win32
		{A37A97D3-6DC3-4E04-AB57-0F967893E1E3}.Debug|x64.ActiveCfg = Debug|x64
		{A37A97D3-6DC3-4E04-AB57-0F967893E1E3}.Debug|x64.Build.0 = Debug|x64
		{A37A97D3-6DC3-4E04-AB57-0F967893E1E3}.Debug|x86.ActiveCfg = Debug|Win32
		{A37A97D3-6DC3-4E04-AB57-0F967893E1E3}.Debug|x86.Build.0 = Debug|Win32
		{A37A97D3-6DC3-4E04-AB57-0F967893E1E3}.Release|Any CPU.ActiveCfg = Release|Win32
		{A37A97D3-6DC3-4E04-AB57-0F967893E1E3}.Release|x64.ActiveCfg = Release|x64
		{A37A97D3-6DC3-4E04-AB57-0F967893E1E3}.Release|x64.Build.0 = Release|x64
		{A37A97D3-6DC3-4E04-AB57-0F967893E1E3}.Release|x86.ActiveCfg = Release|Win32
		{A37A97D3-6DC3-4E04-AB57-0F967893E1E3}.Release|x86.Build.0 = Release|Win32
		{D75AB5EA-4388-4C1E-8C04-A4A5656F8692}.Debug|Any CPU.ActiveCfg = Debug|Any CPU
		{D75AB5EA-4388-4C1E-8C04-A4A5656F8692}.Debug|Any CPU.Build.0 = Debug|Any CPU
		{D75AB5EA-4388-4C1E-8C04-A4A5656F8692}.Debug|x64.ActiveCfg = Debug|Any CPU
		{D75AB5EA-4388-4C1E-8C04-A4A5656F8692}.Debug|x64.Build.0 = Debug|Any CPU
		{D75AB5EA-4388-4C1E-8C04-A4A5656F8692}.Debug|x86.ActiveCfg = Debug|Any CPU
		{D75AB5EA-4388-4C1E-8C04-A4A5656F8692}.Debug|x86.Build.0 = Debug|Any CPU
		{D75AB5EA-4388-4C1E-8C04-A4A5656F8692}.Release|Any CPU.ActiveCfg = Release|Any CPU
		{D75AB5EA-4388-4C1E-8C04-A4A5656F8692}.Release|Any CPU.Build.0 = Release|Any CPU
		{D75AB5EA-4388-4C1E-8C04-A4A5656F8692}.Release|x64.ActiveCfg = Release|Any CPU
		{D75AB5EA-4388-4C1E-8C04-A4A5656F8692}.Release|x64.Build.0 = Release|Any CPU
		{D75AB5EA-4388-4C1E-8C04-A4A5656F8692}.Release|x86.ActiveCfg = Release|Any CPU
		{D75AB5EA-4388-4C1E-8C04-A4A5656F8692}.Release|x86.Build.0 = Release|Any CPU
		{8B8C8547-4F7B-4AEB-89F6-78CC1E46DB82}.Debug|Any CPU.ActiveCfg = Debug|Win32
		{8B8C8547-4F7B-4AEB-89F6-78CC1E46DB82}.Debug|x64.ActiveCfg = Debug|x64
		{8B8C8547-4F7B-4AEB-89F6-78CC1E46DB82}.Debug|x64.Build.0 = Debug|x64
		{8B8C8547-4F7B-4AEB-89F6-78CC1E46DB82}.Debug|x86.ActiveCfg = Debug|Win32
		{8B8C8547-4F7B-4AEB-89F6-78CC1E46DB82}.Debug|x86.Build.0 = Debug|Win32
		{8B8C8547-4F7B-4AEB-89F6-78CC1E46DB82}.Release|Any CPU.ActiveCfg = Release|Win32
		{8B8C8547-4F7B-4AEB-89F6-78CC1E46DB82}.Release|x64.ActiveCfg = Release|x64
		{8B8C8547-4F7B-4AEB-89F6-78CC1E46DB82}.Release|x64.Build.0 = Release|x64
		{8B8C8547-4F7B-4AEB-89F6-78CC1E46DB82}.Release|x86.ActiveCfg = Release|Win32
		{8B8C8547-4F7B-4AEB-89F6-78CC1E46DB82}.Release|x86.Build.0 = Release|Win32
		{44EF7D8F-0017-4C06-B66B-A7976388CA20}.Debug|Any CPU.ActiveCfg = Debug|Win32
		{44EF7D8F-0017-4C06-B66B-A7976388CA20}.Debug|x64.ActiveCfg = Debug|x64
		{44EF7D8F-0017-4C06-B66B-A7976388CA20}.Debug|x64.Build.0 = Debug|x64
		{44EF7D8F-0017-4C06-B66B-A7976388CA20}.Debug|x86.ActiveCfg = Debug|Win32
		{44EF7D8F-0017-4C06-B66B-A7976388CA20}.Debug|x86.Build.0 = Debug|Win32
		{44EF7D8F-0017-4C06-B66B-A7976388CA20}.Release|Any CPU.ActiveCfg = Release|Win32
		{44EF7D8F-0017-4C06-B66B-A7976388CA20}.Release|x64.ActiveCfg = Release|x64
		{44EF7D8F-0017-4C06-B66B-A7976388CA20}.Release|x64.Build.0 = Release|x64
		{44EF7D8F-0017-4C06-B66B-A7976388CA20}.Release|x86.ActiveCfg = Release|Win32
		{44EF7D8F-0017-4C06-B66B-A7976388CA20}.Release|x86.Build.0 = Release|Win32
		{7AC75F66-20FB-44CE-BE2A-637EE59A5CD9}.Debug|Any CPU.ActiveCfg = Debug|Win32
		{7AC75F66-20FB-44CE-BE2A-637EE59A5CD9}.Debug|x64.ActiveCfg = Debug|x64
		{7AC75F66-20FB-44CE-BE2A-637EE59A5CD9}.Debug|x64.Build.0 = Debug|x64
		{7AC75F66-20FB-44CE-BE2A-637EE59A5CD9}.Debug|x86.ActiveCfg = Debug|Win32
		{7AC75F66-20FB-44CE-BE2A-637EE59A5CD9}.Debug|x86.Build.0 = Debug|Win32
		{7AC75F66-20FB-44CE-BE2A-637EE59A5CD9}.Release|Any CPU.ActiveCfg = Release|Win32
		{7AC75F66-20FB-44CE-BE2A-637EE59A5CD9}.Release|x64.ActiveCfg = Release|x64
		{7AC75F66-20FB-44CE-BE2A-637EE59A5CD9}.Release|x64.Build.0 = Release|x64
		{7AC75F66-20FB-44CE-BE2A-637EE59A5CD9}.Release|x86.ActiveCfg = Release|Win32
		{7AC75F66-20FB-44CE-BE2A-637EE59A5CD9}.Release|x86.Build.0 = Release|Win32
	EndGlobalSection
	GlobalSection(SolutionProperties) = preSolution
		HideSolutionNode = FALSE
	EndGlobalSection
	GlobalSection(ExtensibilityGlobals) = postSolution
		SolutionGuid = {B31F2993-91C7-4355-984A-29F253A0B1F1}
	EndGlobalSection
EndGlobal
